
Microsoft Visual Studio Solution File, Format Version 12.00
# Visual Studio Version 17
VisualStudioVersion = 17.4.33103.184
MinimumVisualStudioVersion = 10.0.40219.1
Project("{FAE04EC0-301F-11D3-BF4B-00C04F79EFBC}") = "BancoAPI", "BancoAPI\BancoAPI.csproj", "{303399BC-B227-4D36-9C62-33491481380B}"
EndProject
Project("{E53339B2-1760-4266-BCC7-CA923CBCF16C}") = "docker-compose", "docker-compose.dcproj", "{BBFEF6B7-EEA8-4008-B9DF-51F61797035A}"
EndProject
Global
	GlobalSection(SolutionConfigurationPlatforms) = preSolution
		Debug|Any CPU = Debug|Any CPU
		Release|Any CPU = Release|Any CPU
	EndGlobalSection
	GlobalSection(ProjectConfigurationPlatforms) = postSolution
		{303399BC-B227-4D36-9C62-33491481380B}.Debug|Any CPU.ActiveCfg = Debug|Any CPU
		{303399BC-B227-4D36-9C62-33491481380B}.Debug|Any CPU.Build.0 = Debug|Any CPU
		{303399BC-B227-4D36-9C62-33491481380B}.Release|Any CPU.ActiveCfg = Release|Any CPU
		{303399BC-B227-4D36-9C62-33491481380B}.Release|Any CPU.Build.0 = Release|Any CPU
		{BBFEF6B7-EEA8-4008-B9DF-51F61797035A}.Debug|Any CPU.ActiveCfg = Debug|Any CPU
		{BBFEF6B7-EEA8-4008-B9DF-51F61797035A}.Debug|Any CPU.Build.0 = Debug|Any CPU
		{BBFEF6B7-EEA8-4008-B9DF-51F61797035A}.Release|Any CPU.ActiveCfg = Release|Any CPU
		{BBFEF6B7-EEA8-4008-B9DF-51F61797035A}.Release|Any CPU.Build.0 = Release|Any CPU
	EndGlobalSection
	GlobalSection(SolutionProperties) = preSolution
		HideSolutionNode = FALSE
	EndGlobalSection
	GlobalSection(ExtensibilityGlobals) = postSolution
		SolutionGuid = {E2BEC520-4CE0-4E5E-A71D-AA971D4ED504}
	EndGlobalSection
EndGlobal
